
Microsoft Visual Studio Solution File, Format Version 12.00
# Visual Studio 15
VisualStudioVersion = 15.0.27428.2037
MinimumVisualStudioVersion = 10.0.40219.1
Project("{FAE04EC0-301F-11D3-BF4B-00C04F79EFBC}") = "Inheritance car", "Inheritance car\Inheritance car.csproj", "{2105E5AE-0523-4239-97EB-2A68064A3841}"
EndProject
Project("{FAE04EC0-301F-11D3-BF4B-00C04F79EFBC}") = "UnitTest", "UnitTest\UnitTest.csproj", "{18E9E66C-48E2-4707-A5E2-EF738C4768F2}"
EndProject
Global
	GlobalSection(SolutionConfigurationPlatforms) = preSolution
		Debug|Any CPU = Debug|Any CPU
		Debug|ARM = Debug|ARM
		Debug|x64 = Debug|x64
		Debug|x86 = Debug|x86
		Release|Any CPU = Release|Any CPU
		Release|ARM = Release|ARM
		Release|x64 = Release|x64
		Release|x86 = Release|x86
	EndGlobalSection
	GlobalSection(ProjectConfigurationPlatforms) = postSolution
		{2105E5AE-0523-4239-97EB-2A68064A3841}.Debug|Any CPU.ActiveCfg = Debug|Any CPU
		{2105E5AE-0523-4239-97EB-2A68064A3841}.Debug|Any CPU.Build.0 = Debug|Any CPU
		{2105E5AE-0523-4239-97EB-2A68064A3841}.Debug|ARM.ActiveCfg = Debug|Any CPU
		{2105E5AE-0523-4239-97EB-2A68064A3841}.Debug|ARM.Build.0 = Debug|Any CPU
		{2105E5AE-0523-4239-97EB-2A68064A3841}.Debug|x64.ActiveCfg = Debug|Any CPU
		{2105E5AE-0523-4239-97EB-2A68064A3841}.Debug|x64.Build.0 = Debug|Any CPU
		{2105E5AE-0523-4239-97EB-2A68064A3841}.Debug|x86.ActiveCfg = Debug|Any CPU
		{2105E5AE-0523-4239-97EB-2A68064A3841}.Debug|x86.Build.0 = Debug|Any CPU
		{2105E5AE-0523-4239-97EB-2A68064A3841}.Release|Any CPU.ActiveCfg = Release|Any CPU
		{2105E5AE-0523-4239-97EB-2A68064A3841}.Release|Any CPU.Build.0 = Release|Any CPU
		{2105E5AE-0523-4239-97EB-2A68064A3841}.Release|ARM.ActiveCfg = Release|Any CPU
		{2105E5AE-0523-4239-97EB-2A68064A3841}.Release|ARM.Build.0 = Release|Any CPU
		{2105E5AE-0523-4239-97EB-2A68064A3841}.Release|x64.ActiveCfg = Release|Any CPU
		{2105E5AE-0523-4239-97EB-2A68064A3841}.Release|x64.Build.0 = Release|Any CPU
		{2105E5AE-0523-4239-97EB-2A68064A3841}.Release|x86.ActiveCfg = Release|Any CPU
		{2105E5AE-0523-4239-97EB-2A68064A3841}.Release|x86.Build.0 = Release|Any CPU
		{18E9E66C-48E2-4707-A5E2-EF738C4768F2}.Debug|Any CPU.ActiveCfg = Debug|Any CPU
		{18E9E66C-48E2-4707-A5E2-EF738C4768F2}.Debug|Any CPU.Build.0 = Debug|Any CPU
		{18E9E66C-48E2-4707-A5E2-EF738C4768F2}.Debug|ARM.ActiveCfg = Debug|Any CPU
		{18E9E66C-48E2-4707-A5E2-EF738C4768F2}.Debug|ARM.Build.0 = Debug|Any CPU
		{18E9E66C-48E2-4707-A5E2-EF738C4768F2}.Debug|x64.ActiveCfg = Debug|Any CPU
		{18E9E66C-48E2-4707-A5E2-EF738C4768F2}.Debug|x64.Build.0 = Debug|Any CPU
		{18E9E66C-48E2-4707-A5E2-EF738C4768F2}.Debug|x86.ActiveCfg = Debug|Any CPU
		{18E9E66C-48E2-4707-A5E2-EF738C4768F2}.Debug|x86.Build.0 = Debug|Any CPU
		{18E9E66C-48E2-4707-A5E2-EF738C4768F2}.Release|Any CPU.ActiveCfg = Release|Any CPU
		{18E9E66C-48E2-4707-A5E2-EF738C4768F2}.Release|Any CPU.Build.0 = Release|Any CPU
		{18E9E66C-48E2-4707-A5E2-EF738C4768F2}.Release|ARM.ActiveCfg = Release|Any CPU
		{18E9E66C-48E2-4707-A5E2-EF738C4768F2}.Release|ARM.Build.0 = Release|Any CPU
		{18E9E66C-48E2-4707-A5E2-EF738C4768F2}.Release|x64.ActiveCfg = Release|Any CPU
		{18E9E66C-48E2-4707-A5E2-EF738C4768F2}.Release|x64.Build.0 = Release|Any CPU
		{18E9E66C-48E2-4707-A5E2-EF738C4768F2}.Release|x86.ActiveCfg = Release|Any CPU
		{18E9E66C-48E2-4707-A5E2-EF738C4768F2}.Release|x86.Build.0 = Release|Any CPU
	EndGlobalSection
	GlobalSection(SolutionProperties) = preSolution
		HideSolutionNode = FALSE
	EndGlobalSection
	GlobalSection(ExtensibilityGlobals) = postSolution
		SolutionGuid = {2779FD63-87B0-4192-9E61-01A9FEAA9BF0}
	EndGlobalSection
EndGlobal
